
Microsoft Visual Studio Solution File, Format Version 12.00
# Visual Studio Version 17
VisualStudioVersion = 17.3.32929.385
MinimumVisualStudioVersion = 10.0.40219.1
Project("{9A19103F-16F7-4668-BE54-9A1E7A4F7556}") = "Parcial2_Frank", "Parcial2_Frank.csproj", "{273DA30D-33C7-420C-B2E9-7131A6215FDA}"
EndProject
Global
	GlobalSection(SolutionConfigurationPlatforms) = preSolution
		Debug|Any CPU = Debug|Any CPU
		Release|Any CPU = Release|Any CPU
	EndGlobalSection
	GlobalSection(ProjectConfigurationPlatforms) = postSolution
		{273DA30D-33C7-420C-B2E9-7131A6215FDA}.Debug|Any CPU.ActiveCfg = Debug|Any CPU
		{273DA30D-33C7-420C-B2E9-7131A6215FDA}.Debug|Any CPU.Build.0 = Debug|Any CPU
		{273DA30D-33C7-420C-B2E9-7131A6215FDA}.Release|Any CPU.ActiveCfg = Release|Any CPU
		{273DA30D-33C7-420C-B2E9-7131A6215FDA}.Release|Any CPU.Build.0 = Release|Any CPU
	EndGlobalSection
	GlobalSection(SolutionProperties) = preSolution
		HideSolutionNode = FALSE
	EndGlobalSection
	GlobalSection(ExtensibilityGlobals) = postSolution
		SolutionGuid = {1546B504-D221-4248-80A4-0669AEED1CAF}
	EndGlobalSection
EndGlobal
